
Microsoft Visual Studio Solution File, Format Version 12.00
# Visual Studio Version 17
VisualStudioVersion = 17.3.32825.248
MinimumVisualStudioVersion = 10.0.40219.1
Project("{FAE04EC0-301F-11D3-BF4B-00C04F79EFBC}") = "WebApplicationPlayground", "WebApplicationPlayground\WebApplicationPlayground.csproj", "{75808EF7-0A23-495F-A16E-E5FC6DD335FA}"
EndProject
Global
	GlobalSection(SolutionConfigurationPlatforms) = preSolution
		Debug|Any CPU = Debug|Any CPU
		Release|Any CPU = Release|Any CPU
	EndGlobalSection
	GlobalSection(ProjectConfigurationPlatforms) = postSolution
		{75808EF7-0A23-495F-A16E-E5FC6DD335FA}.Debug|Any CPU.ActiveCfg = Debug|Any CPU
		{75808EF7-0A23-495F-A16E-E5FC6DD335FA}.Debug|Any CPU.Build.0 = Debug|Any CPU
		{75808EF7-0A23-495F-A16E-E5FC6DD335FA}.Release|Any CPU.ActiveCfg = Release|Any CPU
		{75808EF7-0A23-495F-A16E-E5FC6DD335FA}.Release|Any CPU.Build.0 = Release|Any CPU
	EndGlobalSection
	GlobalSection(SolutionProperties) = preSolution
		HideSolutionNode = FALSE
	EndGlobalSection
	GlobalSection(ExtensibilityGlobals) = postSolution
		SolutionGuid = {2906292D-B340-4401-B2E3-C6C4C51F9901}
	EndGlobalSection
EndGlobal
